
Microsoft Visual Studio Solution File, Format Version 12.00
# Visual Studio Version 17
VisualStudioVersion = 17.8.34330.188
MinimumVisualStudioVersion = 10.0.40219.1
Project("{FAE04EC0-301F-11D3-BF4B-00C04F79EFBC}") = "PdfToInp", "PdfToInp.csproj", "{354A0DEE-8AF1-469B-B4E4-9192E05D18CE}"
EndProject
Global
	GlobalSection(SolutionConfigurationPlatforms) = preSolution
		Debug|Any CPU = Debug|Any CPU
		Release|Any CPU = Release|Any CPU
	EndGlobalSection
	GlobalSection(ProjectConfigurationPlatforms) = postSolution
		{354A0DEE-8AF1-469B-B4E4-9192E05D18CE}.Debug|Any CPU.ActiveCfg = Debug|Any CPU
		{354A0DEE-8AF1-469B-B4E4-9192E05D18CE}.Debug|Any CPU.Build.0 = Debug|Any CPU
		{354A0DEE-8AF1-469B-B4E4-9192E05D18CE}.Release|Any CPU.ActiveCfg = Release|Any CPU
		{354A0DEE-8AF1-469B-B4E4-9192E05D18CE}.Release|Any CPU.Build.0 = Release|Any CPU
	EndGlobalSection
	GlobalSection(SolutionProperties) = preSolution
		HideSolutionNode = FALSE
	EndGlobalSection
	GlobalSection(ExtensibilityGlobals) = postSolution
		SolutionGuid = {DD5F7F6E-80B0-4A28-AF1E-57A51BAE544C}
	EndGlobalSection
EndGlobal
